{
  "name": "@olympus/verifier",
  "version": "0.1.0",
  "lockfileVersion": 3,
  "requires": true,
  "packages": {
    "": {
      "name": "@olympus/verifier",
      "version": "0.1.0",
      "license": "Apache-2.0",
      "dependencies": {
        "@noble/curves": "^2.2.0",
        "@noble/hashes": "^2.0.1",
        "poseidon-lite": "^0.3.0"
      },
      "devDependencies": {
        "@types/node": "^26.4.1",
        "blake3-wasm": "^2.1.5"
      }
    },
    "node_modules/@noble/curves": {
      "version": "2.2.0",
      "resolved": "https://registry.npmjs.org/@noble/curves/-/curves-2.2.0.tgz",
      "integrity": "sha512-T/BoHgFXirb0ENSPBquzX0rcjXeM6Lo892a2jlYJkqk83LqZx0l1Of7DzlKJ6jkpvMrkHSnAcgb5JegL8SeIkQ==",
      "license": "MIT",
      "dependencies": {
        "@noble/hashes": "2.2.0"
      },
      "engines": {
        "node": ">= 20.19.0"
      },
      "funding": {
        "url": "https://paulmillr.com/funding/"
      }
    },
    "node_modules/@noble/hashes": {
      "version": "2.2.0",
      "resolved": "https://registry.npmjs.org/@noble/hashes/-/hashes-2.2.0.tgz",
      "integrity": "sha512-IYqDGiTXab6FniAgnSdZwgWbomxpy9FtYvLKs7wCUs2a8RkITG+DFGO1DM9cr+E3/RgADRpFjrKVaJ1z6sjtEg==",
      "license": "MIT",
      "engines": {
        "node": ">= 20.19.0"
      },
      "funding": {
        "url": "https://paulmillr.com/funding/"
      }
    },
    "node_modules/@types/node": {
      "version": "26.4.1",
      "resolved": "https://registry.npmjs.org/@types/node/-/node-26.4.1.tgz",
      "integrity": "sha512-k97ENvZWtvA6yqz5/FS6a7duDgOPEeOQOc2iKS/nY6mX6qJUKtLnWzQS+Xj6tXweyj6ZcTAK2Qecetnvi9nCLA==",
      "dev": true,
      "license": "MIT",
      "dependencies": {
        "undici-types": "~8.3.0"
      }
    },
    "node_modules/blake3-wasm": {
      "version": "2.1.5",
      "resolved": "https://registry.npmjs.org/blake3-wasm/-/blake3-wasm-2.1.5.tgz",
      "integrity": "sha512-F1+K8EbfOZE49dtoPtmxUQrpXaBIl3ICvasLh+nJta0xkz+9kF/7uet9fLnwKqhDrmj6g+6K3Tw9yQPUg2ka5g==",
      "dev": true,
      "license": "MIT"
    },
    "node_modules/poseidon-lite": {
      "version": "0.3.0",
      "resolved": "https://registry.npmjs.org/poseidon-lite/-/poseidon-lite-0.3.0.tgz",
      "integrity": "sha512-ilJj4MIve4uBEG7SrtPqUUNkvpJ/pLVbndxa0WvebcQqeIhe+h72JR4g0EvwchUzm9sOQDlOjiDNmRAgxNZl4A==",
      "license": "MIT"
    },
    "node_modules/undici-types": {
      "version": "8.3.0",
      "resolved": "https://registry.npmjs.org/undici-types/-/undici-types-8.3.0.tgz",
      "integrity": "sha512-j375ScV60dom+YkPFIfTLcOiPxkN/buHz5GobjLhixFuANaNs3C9l4GmrWqejgXWJ7BbJcFYpTEUkS1Ge8bpZQ==",
      "dev": true,
      "license": "MIT"
    }
  }
}
